%{
  "amqp_client": {:hex, :amqp_client, "3.7.5", "ee5ff6209ca4be0ff950e92775f4e4aab272c74003abd84ded9cff64af1b597a", [], [{:rabbit_common, "3.7.5", [hex: :rabbit_common, repo: "hexpm", optional: false]}], "hexpm"},
  "dialyxir": {:hex, :dialyxir, "0.5.1", "b331b091720fd93e878137add264bac4f644e1ddae07a70bf7062c7862c4b952", [:mix], [], "hexpm"},
  "earmark": {:hex, :earmark, "1.2.3", "206eb2e2ac1a794aa5256f3982de7a76bf4579ff91cb28d0e17ea2c9491e46a4", [:mix], [], "hexpm"},
  "ex_doc": {:hex, :ex_doc, "0.16.3", "cd2a4cfe5d26e37502d3ec776702c72efa1adfa24ed9ce723bb565f4c30bd31a", [:mix], [{:earmark, "~> 1.1", [hex: :earmark, repo: "hexpm", optional: false]}], "hexpm"},
  "goldrush": {:hex, :goldrush, "0.1.9", "f06e5d5f1277da5c413e84d5a2924174182fb108dabb39d5ec548b27424cd106", [], [], "hexpm"},
  "inch_ex": {:hex, :inch_ex, "0.5.6", "418357418a553baa6d04eccd1b44171936817db61f4c0840112b420b8e378e67", [:mix], [{:poison, "~> 1.5 or ~> 2.0 or ~> 3.0", [hex: :poison, repo: "hexpm", optional: false]}], "hexpm"},
  "jsx": {:hex, :jsx, "2.8.2", "7acc7d785b5abe8a6e9adbde926a24e481f29956dd8b4df49e3e4e7bcc92a018", [], [], "hexpm"},
  "lager": {:hex, :lager, "3.5.1", "63897a61af646c59bb928fee9756ce8bdd02d5a1a2f3551d4a5e38386c2cc071", [], [{:goldrush, "0.1.9", [hex: :goldrush, repo: "hexpm", optional: false]}], "hexpm"},
  "poison": {:hex, :poison, "3.1.0", "d9eb636610e096f86f25d9a46f35a9facac35609a7591b3be3326e99a0484665", [:mix], [], "hexpm"},
  "rabbit_common": {:hex, :rabbit_common, "3.7.5", "3346c2c65df2528891c3113aa33e78aadbd5e6996e4230b937c2429f86861268", [], [{:jsx, "2.8.2", [hex: :jsx, repo: "hexpm", optional: false]}, {:lager, "3.5.1", [hex: :lager, repo: "hexpm", optional: false]}, {:ranch, "1.5.0", [hex: :ranch, repo: "hexpm", optional: false]}, {:ranch_proxy_protocol, "1.5.0", [hex: :ranch_proxy_protocol, repo: "hexpm", optional: false]}, {:recon, "2.3.2", [hex: :recon, repo: "hexpm", optional: false]}], "hexpm"},
  "ranch": {:hex, :ranch, "1.5.0", "f04166f456790fee2ac1aa05a02745cc75783c2bfb26d39faf6aefc9a3d3a58a", [], [], "hexpm"},
  "ranch_proxy_protocol": {:hex, :ranch_proxy_protocol, "1.5.0", "e698aaeb590ad504b649dc0d3055abee6caf0b49d3caee1a080ae83b5b499f30", [], [{:ranch, "1.5.0", [hex: :ranch, repo: "hexpm", optional: false]}], "hexpm"},
  "recon": {:hex, :recon, "2.3.2", "4444c879be323b1b133eec5241cb84bd3821ea194c740d75617e106be4744318", [:rebar3], [], "hexpm"},
}
