%{"amqp_client": {:hex, :amqp_client, "3.6.7-pre.1", "5d689656443cf652a0114806e7e2f5c63ceac4d768382ffa08570a246f0e8eaf", [:make, :rebar3], [{:rabbit_common, "3.6.7-pre.1", [hex: :rabbit_common, optional: false]}]},
  "earmark": {:hex, :earmark, "1.1.1", "433136b7f2e99cde88b745b3a0cfc3fbc81fe58b918a09b40fce7f00db4d8187", [:mix], []},
  "ex_doc": {:hex, :ex_doc, "0.14.5", "c0433c8117e948404d93ca69411dd575ec6be39b47802e81ca8d91017a0cf83c", [:mix], [{:earmark, "~> 1.0", [hex: :earmark, optional: false]}]},
  "inch_ex": {:hex, :inch_ex, "0.5.6", "418357418a553baa6d04eccd1b44171936817db61f4c0840112b420b8e378e67", [:mix], [{:poison, "~> 1.5 or ~> 2.0 or ~> 3.0", [hex: :poison, optional: false]}]},
  "poison": {:hex, :poison, "3.1.0", "d9eb636610e096f86f25d9a46f35a9facac35609a7591b3be3326e99a0484665", [:mix], []},
  "rabbit_common": {:hex, :rabbit_common, "3.6.7-pre.1", "cd8503e4176b5187e168c73d4f703aaf50de4e2b49e8a71df78370a8b6cf7d5b", [:make], []}}
